
Microsoft Visual Studio Solution File, Format Version 12.00
# Visual Studio Version 17
VisualStudioVersion = 17.8.34525.116
MinimumVisualStudioVersion = 10.0.40219.1
Project("{FAE04EC0-301F-11D3-BF4B-00C04F79EFBC}") = "Calculator", "Calculator\Calculator.csproj", "{83635550-0DDC-4047-9C5F-384C4E6CD2DA}"
EndProject
Global
	GlobalSection(SolutionConfigurationPlatforms) = preSolution
		Debug|Any CPU = Debug|Any CPU
		Release|Any CPU = Release|Any CPU
	EndGlobalSection
	GlobalSection(ProjectConfigurationPlatforms) = postSolution
		{83635550-0DDC-4047-9C5F-384C4E6CD2DA}.Debug|Any CPU.ActiveCfg = Debug|Any CPU
		{83635550-0DDC-4047-9C5F-384C4E6CD2DA}.Debug|Any CPU.Build.0 = Debug|Any CPU
		{83635550-0DDC-4047-9C5F-384C4E6CD2DA}.Release|Any CPU.ActiveCfg = Release|Any CPU
		{83635550-0DDC-4047-9C5F-384C4E6CD2DA}.Release|Any CPU.Build.0 = Release|Any CPU
	EndGlobalSection
	GlobalSection(SolutionProperties) = preSolution
		HideSolutionNode = FALSE
	EndGlobalSection
	GlobalSection(ExtensibilityGlobals) = postSolution
		SolutionGuid = {A4534491-223E-4F9C-BC9D-CB7D14B7AF03}
	EndGlobalSection
EndGlobal
